PODS:
  - Alamofire (5.9.1)
  - KeychainAccess (4.2.2)
  - lottie-ios (4.4.3)

DEPENDENCIES:
  - Alamofire
  - KeychainAccess
  - lottie-ios

SPEC REPOS:
  trunk:
    - Alamofire
    - KeychainAccess
    - lottie-ios

SPEC CHECKSUMS:
  Alamofire: f36a35757af4587d8e4f4bfa223ad10be2422b8c
  KeychainAccess: c0c4f7f38f6fc7bbe58f5702e25f7bd2f65abf51
  lottie-ios: fcb5e73e17ba4c983140b7d21095c834b3087418

PODFILE CHECKSUM: 262fa7cb33c78f83e798d9fbd430a3c55d24eda3

COCOAPODS: 1.15.2
