PODS:
  - KeychainAccess (4.2.2)
  - lottie-ios (4.4.3)
  - MarqueeLabel (4.0.5)
  - NotificationBannerSwift (3.0.6):
    - MarqueeLabel (~> 4.0.5)
    - SnapKit (~> 5.0.1)
  - ProgressHUD (14.1.1)
  - SnapKit (5.0.1)

DEPENDENCIES:
  - KeychainAccess
  - lottie-ios
  - NotificationBannerSwift (~> 3.0.0)
  - ProgressHUD

SPEC REPOS:
  trunk:
    - KeychainAccess
    - lottie-ios
    - MarqueeLabel
    - NotificationBannerSwift
    - ProgressHUD
    - SnapKit

SPEC CHECKSUMS:
  KeychainAccess: c0c4f7f38f6fc7bbe58f5702e25f7bd2f65abf51
  lottie-ios: fcb5e73e17ba4c983140b7d21095c834b3087418
  MarqueeLabel: 00cc0bcd087111dca575878b3531af980559707d
  NotificationBannerSwift: 7021be2338f8f29cf424b0aca43da462bf9e2a1a
  ProgressHUD: abb9136ae23c85204236828562cb9a8ec98efb44
  SnapKit: 97b92857e3df3a0c71833cce143274bf6ef8e5eb

PODFILE CHECKSUM: ecd154a5104995c499d12887396899d9bd537f28

COCOAPODS: 1.15.2
