// !$*UTF8*$!
{
	archiveVersion = 1;
	classes = {
	};
	objectVersion = 56;
	objects = {

/* Begin PBXBuildFile section */
		0D0E937E2BD947C100728BC7 /* ConnectToWifiView.swift in Sources */ = {isa = PBXBuildFile; fileRef = 0D0E937D2BD947C100728BC7 /* ConnectToWifiView.swift */; };
		0D0E93802BD95E0E00728BC7 /* ClickOnTheLinkView.swift in Sources */ = {isa = PBXBuildFile; fileRef = 0D0E937F2BD95E0E00728BC7 /* ClickOnTheLinkView.swift */; };
		0D0E93822BD95FD700728BC7 /* EnterIDView.swift in Sources */ = {isa = PBXBuildFile; fileRef = 0D0E93812BD95FD700728BC7 /* EnterIDView.swift */; };
		0D0E93842BD96E0A00728BC7 /* AddDevice.swift in Sources */ = {isa = PBXBuildFile; fileRef = 0D0E93832BD96E0A00728BC7 /* AddDevice.swift */; };
		0D0E93862BD9708600728BC7 /* LottieView.swift in Sources */ = {isa = PBXBuildFile; fileRef = 0D0E93852BD9708600728BC7 /* LottieView.swift */; };
		0D0E93892BD970D600728BC7 /* empty.json in Resources */ = {isa = PBXBuildFile; fileRef = 0D0E93882BD970D600728BC7 /* empty.json */; };
		0D0E938B2BD9791F00728BC7 /* AddEditPlant.swift in Sources */ = {isa = PBXBuildFile; fileRef = 0D0E938A2BD9791F00728BC7 /* AddEditPlant.swift */; };
		0D2C8D062BD938B80075DC39 /* UserViewModel.swift in Sources */ = {isa = PBXBuildFile; fileRef = 0D2C8D052BD938B80075DC39 /* UserViewModel.swift */; };
		0D2C8D092BD940D20075DC39 /* Colors.swift in Sources */ = {isa = PBXBuildFile; fileRef = 0D2C8D082BD940D20075DC39 /* Colors.swift */; };
		203E12DD2BD53F95009F6D8D /* WelcomeView.swift in Sources */ = {isa = PBXBuildFile; fileRef = 203E12DC2BD53F95009F6D8D /* WelcomeView.swift */; };
		204EE9152BCF0C160037A2AE /* PlantList.swift in Sources */ = {isa = PBXBuildFile; fileRef = 204EE9142BCF0C160037A2AE /* PlantList.swift */; };
		204EE9172BCF10CB0037A2AE /* PlantDetail.swift in Sources */ = {isa = PBXBuildFile; fileRef = 204EE9162BCF10CB0037A2AE /* PlantDetail.swift */; };
		204EE91C2BCF1A450037A2AE /* HomeNavigationView.swift in Sources */ = {isa = PBXBuildFile; fileRef = 204EE91B2BCF1A450037A2AE /* HomeNavigationView.swift */; };
		204EE91F2BCF1A750037A2AE /* DeviceList.swift in Sources */ = {isa = PBXBuildFile; fileRef = 204EE91E2BCF1A750037A2AE /* DeviceList.swift */; };
		204EE9232BCF1BE90037A2AE /* Device.swift in Sources */ = {isa = PBXBuildFile; fileRef = 204EE9222BCF1BE90037A2AE /* Device.swift */; };
		204EE9252BCF1C6D0037A2AE /* devices.json in Resources */ = {isa = PBXBuildFile; fileRef = 204EE9242BCF1C6D0037A2AE /* devices.json */; };
		204EE9272BCF1D150037A2AE /* DeviceRow.swift in Sources */ = {isa = PBXBuildFile; fileRef = 204EE9262BCF1D150037A2AE /* DeviceRow.swift */; };
		204EE92B2BCF2E0A0037A2AE /* DeviceDetail.swift in Sources */ = {isa = PBXBuildFile; fileRef = 204EE92A2BCF2E0A0037A2AE /* DeviceDetail.swift */; };
		20700B922BCFEEA70029A384 /* ProfileView.swift in Sources */ = {isa = PBXBuildFile; fileRef = 20700B912BCFEEA70029A384 /* ProfileView.swift */; };
		20700B942BCFEEC70029A384 /* users.json in Resources */ = {isa = PBXBuildFile; fileRef = 20700B932BCFEEC70029A384 /* users.json */; };
		20700B962BCFEED10029A384 /* User.swift in Sources */ = {isa = PBXBuildFile; fileRef = 20700B952BCFEED10029A384 /* User.swift */; };
		209BC5CA2BDB850E00E4C216 /* LoginModel.swift in Sources */ = {isa = PBXBuildFile; fileRef = 209BC5C92BDB850E00E4C216 /* LoginModel.swift */; };
		209BC5CD2BDB8AF400E4C216 /* OnboardingView.swift in Sources */ = {isa = PBXBuildFile; fileRef = 209BC5CC2BDB8AF400E4C216 /* OnboardingView.swift */; };
		209BC5D22BDBA9EA00E4C216 /* AddWateringEntry.swift in Sources */ = {isa = PBXBuildFile; fileRef = 209BC5D12BDBA9EA00E4C216 /* AddWateringEntry.swift */; };
		209BC5D42BDBA9F400E4C216 /* AnalyticsView.swift in Sources */ = {isa = PBXBuildFile; fileRef = 209BC5D32BDBA9F400E4C216 /* AnalyticsView.swift */; };
		20A27E002BC406F2000A8B0A /* LoginView.swift in Sources */ = {isa = PBXBuildFile; fileRef = 20A27DFF2BC406F2000A8B0A /* LoginView.swift */; };
		20A27E052BC41355000A8B0A /* PlantRow.swift in Sources */ = {isa = PBXBuildFile; fileRef = 20A27E042BC41355000A8B0A /* PlantRow.swift */; };
		20A27E0B2BC426DF000A8B0A /* Plant.swift in Sources */ = {isa = PBXBuildFile; fileRef = 20A27E0A2BC426DF000A8B0A /* Plant.swift */; };
		20A27E0F2BC42955000A8B0A /* plants.json in Resources */ = {isa = PBXBuildFile; fileRef = 20A27E0E2BC42955000A8B0A /* plants.json */; };
		20A27E112BC42AF8000A8B0A /* ModelData.swift in Sources */ = {isa = PBXBuildFile; fileRef = 20A27E102BC42AF8000A8B0A /* ModelData.swift */; };
		20B50A212BBD58A300C78067 /* AppDelegate.swift in Sources */ = {isa = PBXBuildFile; fileRef = 20B50A202BBD58A300C78067 /* AppDelegate.swift */; };
		20B50A232BBD58A300C78067 /* SceneDelegate.swift in Sources */ = {isa = PBXBuildFile; fileRef = 20B50A222BBD58A300C78067 /* SceneDelegate.swift */; };
		20B50A2B2BBD58A300C78067 /* cloudgarden.xcdatamodeld in Sources */ = {isa = PBXBuildFile; fileRef = 20B50A292BBD58A300C78067 /* cloudgarden.xcdatamodeld */; };
		20B50A2D2BBD58A600C78067 /* Assets.xcassets in Resources */ = {isa = PBXBuildFile; fileRef = 20B50A2C2BBD58A600C78067 /* Assets.xcassets */; };
		20B50A302BBD58A600C78067 /* LaunchScreen.storyboard in Resources */ = {isa = PBXBuildFile; fileRef = 20B50A2E2BBD58A600C78067 /* LaunchScreen.storyboard */; };
		20BE7F812BD541B900442B7F /* RegisterView.swift in Sources */ = {isa = PBXBuildFile; fileRef = 20BE7F802BD541B900442B7F /* RegisterView.swift */; };
		EE9BEADF888DA33745DEC71F /* Pods_cloudgarden.framework in Frameworks */ = {isa = PBXBuildFile; fileRef = BCF37150522AA3E0F3E7B60A /* Pods_cloudgarden.framework */; };
/* End PBXBuildFile section */

/* Begin PBXFileReference section */
		0D0E937D2BD947C100728BC7 /* ConnectToWifiView.swift */ = {isa = PBXFileReference; lastKnownFileType = sourcecode.swift; path = ConnectToWifiView.swift; sourceTree = "<group>"; };
		0D0E937F2BD95E0E00728BC7 /* ClickOnTheLinkView.swift */ = {isa = PBXFileReference; lastKnownFileType = sourcecode.swift; path = ClickOnTheLinkView.swift; sourceTree = "<group>"; };
		0D0E93812BD95FD700728BC7 /* EnterIDView.swift */ = {isa = PBXFileReference; lastKnownFileType = sourcecode.swift; path = EnterIDView.swift; sourceTree = "<group>"; };
		0D0E93832BD96E0A00728BC7 /* AddDevice.swift */ = {isa = PBXFileReference; lastKnownFileType = sourcecode.swift; path = AddDevice.swift; sourceTree = "<group>"; };
		0D0E93852BD9708600728BC7 /* LottieView.swift */ = {isa = PBXFileReference; lastKnownFileType = sourcecode.swift; path = LottieView.swift; sourceTree = "<group>"; };
		0D0E93882BD970D600728BC7 /* empty.json */ = {isa = PBXFileReference; lastKnownFileType = text.json; path = empty.json; sourceTree = "<group>"; };
		0D0E938A2BD9791F00728BC7 /* AddEditPlant.swift */ = {isa = PBXFileReference; lastKnownFileType = sourcecode.swift; path = AddEditPlant.swift; sourceTree = "<group>"; };
		0D2C8D052BD938B80075DC39 /* UserViewModel.swift */ = {isa = PBXFileReference; lastKnownFileType = sourcecode.swift; path = UserViewModel.swift; sourceTree = "<group>"; };
		0D2C8D082BD940D20075DC39 /* Colors.swift */ = {isa = PBXFileReference; lastKnownFileType = sourcecode.swift; path = Colors.swift; sourceTree = "<group>"; };
		0D8887708AEFFC5C6E7AD6BE /* Pods-cloudgarden.debug.xcconfig */ = {isa = PBXFileReference; includeInIndex = 1; lastKnownFileType = text.xcconfig; name = "Pods-cloudgarden.debug.xcconfig"; path = "Target Support Files/Pods-cloudgarden/Pods-cloudgarden.debug.xcconfig"; sourceTree = "<group>"; };
		203E12DC2BD53F95009F6D8D /* WelcomeView.swift */ = {isa = PBXFileReference; lastKnownFileType = sourcecode.swift; path = WelcomeView.swift; sourceTree = "<group>"; };
		204EE9142BCF0C160037A2AE /* PlantList.swift */ = {isa = PBXFileReference; lastKnownFileType = sourcecode.swift; path = PlantList.swift; sourceTree = "<group>"; };
		204EE9162BCF10CB0037A2AE /* PlantDetail.swift */ = {isa = PBXFileReference; lastKnownFileType = sourcecode.swift; path = PlantDetail.swift; sourceTree = "<group>"; };
		204EE91B2BCF1A450037A2AE /* HomeNavigationView.swift */ = {isa = PBXFileReference; lastKnownFileType = sourcecode.swift; path = HomeNavigationView.swift; sourceTree = "<group>"; };
		204EE91E2BCF1A750037A2AE /* DeviceList.swift */ = {isa = PBXFileReference; lastKnownFileType = sourcecode.swift; path = DeviceList.swift; sourceTree = "<group>"; };
		204EE9222BCF1BE90037A2AE /* Device.swift */ = {isa = PBXFileReference; lastKnownFileType = sourcecode.swift; path = Device.swift; sourceTree = "<group>"; };
		204EE9242BCF1C6D0037A2AE /* devices.json */ = {isa = PBXFileReference; lastKnownFileType = text.json; path = devices.json; sourceTree = "<group>"; };
		204EE9262BCF1D150037A2AE /* DeviceRow.swift */ = {isa = PBXFileReference; lastKnownFileType = sourcecode.swift; path = DeviceRow.swift; sourceTree = "<group>"; };
		204EE92A2BCF2E0A0037A2AE /* DeviceDetail.swift */ = {isa = PBXFileReference; lastKnownFileType = sourcecode.swift; path = DeviceDetail.swift; sourceTree = "<group>"; };
		20700B912BCFEEA70029A384 /* ProfileView.swift */ = {isa = PBXFileReference; lastKnownFileType = sourcecode.swift; path = ProfileView.swift; sourceTree = "<group>"; };
		20700B932BCFEEC70029A384 /* users.json */ = {isa = PBXFileReference; lastKnownFileType = text.json; path = users.json; sourceTree = "<group>"; };
		20700B952BCFEED10029A384 /* User.swift */ = {isa = PBXFileReference; lastKnownFileType = sourcecode.swift; path = User.swift; sourceTree = "<group>"; };
		209BC5C92BDB850E00E4C216 /* LoginModel.swift */ = {isa = PBXFileReference; lastKnownFileType = sourcecode.swift; path = LoginModel.swift; sourceTree = "<group>"; };
		209BC5CC2BDB8AF400E4C216 /* OnboardingView.swift */ = {isa = PBXFileReference; lastKnownFileType = sourcecode.swift; path = OnboardingView.swift; sourceTree = "<group>"; };
		209BC5D12BDBA9EA00E4C216 /* AddWateringEntry.swift */ = {isa = PBXFileReference; lastKnownFileType = sourcecode.swift; path = AddWateringEntry.swift; sourceTree = "<group>"; };
		209BC5D32BDBA9F400E4C216 /* AnalyticsView.swift */ = {isa = PBXFileReference; lastKnownFileType = sourcecode.swift; path = AnalyticsView.swift; sourceTree = "<group>"; };
		20A27DFF2BC406F2000A8B0A /* LoginView.swift */ = {isa = PBXFileReference; lastKnownFileType = sourcecode.swift; path = LoginView.swift; sourceTree = "<group>"; };
		20A27E042BC41355000A8B0A /* PlantRow.swift */ = {isa = PBXFileReference; lastKnownFileType = sourcecode.swift; path = PlantRow.swift; sourceTree = "<group>"; };
		20A27E0A2BC426DF000A8B0A /* Plant.swift */ = {isa = PBXFileReference; lastKnownFileType = sourcecode.swift; path = Plant.swift; sourceTree = "<group>"; };
		20A27E0E2BC42955000A8B0A /* plants.json */ = {isa = PBXFileReference; lastKnownFileType = text.json; path = plants.json; sourceTree = "<group>"; };
		20A27E102BC42AF8000A8B0A /* ModelData.swift */ = {isa = PBXFileReference; lastKnownFileType = sourcecode.swift; path = ModelData.swift; sourceTree = "<group>"; };
		20B50A1D2BBD58A300C78067 /* cloudgarden.app */ = {isa = PBXFileReference; explicitFileType = wrapper.application; includeInIndex = 0; path = cloudgarden.app; sourceTree = BUILT_PRODUCTS_DIR; };
		20B50A202BBD58A300C78067 /* AppDelegate.swift */ = {isa = PBXFileReference; lastKnownFileType = sourcecode.swift; path = AppDelegate.swift; sourceTree = "<group>"; };
		20B50A222BBD58A300C78067 /* SceneDelegate.swift */ = {isa = PBXFileReference; lastKnownFileType = sourcecode.swift; path = SceneDelegate.swift; sourceTree = "<group>"; };
		20B50A2A2BBD58A300C78067 /* cloudgarden.xcdatamodel */ = {isa = PBXFileReference; lastKnownFileType = wrapper.xcdatamodel; path = cloudgarden.xcdatamodel; sourceTree = "<group>"; };
		20B50A2C2BBD58A600C78067 /* Assets.xcassets */ = {isa = PBXFileReference; lastKnownFileType = folder.assetcatalog; path = Assets.xcassets; sourceTree = "<group>"; };
		20B50A2F2BBD58A600C78067 /* Base */ = {isa = PBXFileReference; lastKnownFileType = file.storyboard; name = Base; path = Base.lproj/LaunchScreen.storyboard; sourceTree = "<group>"; };
		20B50A312BBD58A600C78067 /* Info.plist */ = {isa = PBXFileReference; lastKnownFileType = text.plist.xml; path = Info.plist; sourceTree = "<group>"; };
		20BE7F802BD541B900442B7F /* RegisterView.swift */ = {isa = PBXFileReference; lastKnownFileType = sourcecode.swift; path = RegisterView.swift; sourceTree = "<group>"; };
		3B254534DEBC88FBCEDCA9A2 /* Pods-cloudgarden.release.xcconfig */ = {isa = PBXFileReference; includeInIndex = 1; lastKnownFileType = text.xcconfig; name = "Pods-cloudgarden.release.xcconfig"; path = "Target Support Files/Pods-cloudgarden/Pods-cloudgarden.release.xcconfig"; sourceTree = "<group>"; };
		BCF37150522AA3E0F3E7B60A /* Pods_cloudgarden.framework */ = {isa = PBXFileReference; explicitFileType = wrapper.framework; includeInIndex = 0; path = Pods_cloudgarden.framework; sourceTree = BUILT_PRODUCTS_DIR; };
/* End PBXFileReference section */

/* Begin PBXFrameworksBuildPhase section */
		20B50A1A2BBD58A300C78067 /* Frameworks */ = {
			isa = PBXFrameworksBuildPhase;
			buildActionMask = 2147483647;
			files = (
				EE9BEADF888DA33745DEC71F /* Pods_cloudgarden.framework in Frameworks */,
			);
			runOnlyForDeploymentPostprocessing = 0;
		};
/* End PBXFrameworksBuildPhase section */

/* Begin PBXGroup section */
		0D2C8D072BD940C10075DC39 /* UIComponents */ = {
			isa = PBXGroup;
			children = (
				0D2C8D082BD940D20075DC39 /* Colors.swift */,
				0D0E93852BD9708600728BC7 /* LottieView.swift */,
				0D0E93882BD970D600728BC7 /* empty.json */,
			);
			path = UIComponents;
			sourceTree = "<group>";
		};
		203E12DB2BD53F7E009F6D8D /* Onboarding */ = {
			isa = PBXGroup;
			children = (
				209BC5CB2BDB8ADD00E4C216 /* TabViewPages */,
				209BC5CC2BDB8AF400E4C216 /* OnboardingView.swift */,
			);
			path = Onboarding;
			sourceTree = "<group>";
		};
		204EE91D2BCF1A5C0037A2AE /* Device */ = {
			isa = PBXGroup;
			children = (
				204EE9262BCF1D150037A2AE /* DeviceRow.swift */,
				204EE91E2BCF1A750037A2AE /* DeviceList.swift */,
				204EE92A2BCF2E0A0037A2AE /* DeviceDetail.swift */,
				0D0E93832BD96E0A00728BC7 /* AddDevice.swift */,
			);
			path = Device;
			sourceTree = "<group>";
		};
		20700B902BCFEE550029A384 /* Profile */ = {
			isa = PBXGroup;
			children = (
				20700B912BCFEEA70029A384 /* ProfileView.swift */,
			);
			path = Profile;
			sourceTree = "<group>";
		};
		209BC5CB2BDB8ADD00E4C216 /* TabViewPages */ = {
			isa = PBXGroup;
			children = (
				203E12DC2BD53F95009F6D8D /* WelcomeView.swift */,
				0D0E937D2BD947C100728BC7 /* ConnectToWifiView.swift */,
				0D0E937F2BD95E0E00728BC7 /* ClickOnTheLinkView.swift */,
				0D0E93812BD95FD700728BC7 /* EnterIDView.swift */,
			);
			path = TabViewPages;
			sourceTree = "<group>";
		};
		209BC5D02BDBA9D800E4C216 /* PlantDetail */ = {
			isa = PBXGroup;
			children = (
				209BC5D12BDBA9EA00E4C216 /* AddWateringEntry.swift */,
				209BC5D32BDBA9F400E4C216 /* AnalyticsView.swift */,
			);
			path = PlantDetail;
			sourceTree = "<group>";
		};
		20A27E012BC4130A000A8B0A /* Plant */ = {
			isa = PBXGroup;
			children = (
				204EE9162BCF10CB0037A2AE /* PlantDetail.swift */,
				209BC5D02BDBA9D800E4C216 /* PlantDetail */,
				20A27E042BC41355000A8B0A /* PlantRow.swift */,
				204EE9142BCF0C160037A2AE /* PlantList.swift */,
				0D0E938A2BD9791F00728BC7 /* AddEditPlant.swift */,
			);
			path = Plant;
			sourceTree = "<group>";
		};
		20A27E082BC42649000A8B0A /* Resources */ = {
			isa = PBXGroup;
			children = (
				20A27E0E2BC42955000A8B0A /* plants.json */,
				204EE9242BCF1C6D0037A2AE /* devices.json */,
				20700B932BCFEEC70029A384 /* users.json */,
			);
			path = Resources;
			sourceTree = "<group>";
		};
		20A27E092BC426D3000A8B0A /* Model */ = {
			isa = PBXGroup;
			children = (
				20700B952BCFEED10029A384 /* User.swift */,
				204EE9222BCF1BE90037A2AE /* Device.swift */,
				20A27E0A2BC426DF000A8B0A /* Plant.swift */,
				20A27E102BC42AF8000A8B0A /* ModelData.swift */,
			);
			path = Model;
			sourceTree = "<group>";
		};
		20B50A142BBD58A300C78067 = {
			isa = PBXGroup;
			children = (
				20B50A1F2BBD58A300C78067 /* cloudgarden */,
				20B50A1E2BBD58A300C78067 /* Products */,
				738C217FD21A5EE476D3F23C /* Pods */,
				C16D6997D75B2618EFC39C32 /* Frameworks */,
			);
			sourceTree = "<group>";
		};
		20B50A1E2BBD58A300C78067 /* Products */ = {
			isa = PBXGroup;
			children = (
				20B50A1D2BBD58A300C78067 /* cloudgarden.app */,
			);
			name = Products;
			sourceTree = "<group>";
		};
		20B50A1F2BBD58A300C78067 /* cloudgarden */ = {
			isa = PBXGroup;
			children = (
				0D2C8D072BD940C10075DC39 /* UIComponents */,
				20A27E092BC426D3000A8B0A /* Model */,
				20A27E082BC42649000A8B0A /* Resources */,
				20B50A3D2BBD70B900C78067 /* Home */,
				203E12DB2BD53F7E009F6D8D /* Onboarding */,
				20B50A372BBD58E600C78067 /* Login */,
				20B50A202BBD58A300C78067 /* AppDelegate.swift */,
				20B50A222BBD58A300C78067 /* SceneDelegate.swift */,
				20B50A2C2BBD58A600C78067 /* Assets.xcassets */,
				20B50A2E2BBD58A600C78067 /* LaunchScreen.storyboard */,
				20B50A312BBD58A600C78067 /* Info.plist */,
				20B50A292BBD58A300C78067 /* cloudgarden.xcdatamodeld */,
			);
			path = cloudgarden;
			sourceTree = "<group>";
		};
		20B50A372BBD58E600C78067 /* Login */ = {
			isa = PBXGroup;
			children = (
				20A27DFF2BC406F2000A8B0A /* LoginView.swift */,
				20BE7F802BD541B900442B7F /* RegisterView.swift */,
				0D2C8D052BD938B80075DC39 /* UserViewModel.swift */,
				209BC5C92BDB850E00E4C216 /* LoginModel.swift */,
			);
			path = Login;
			sourceTree = "<group>";
		};
		20B50A3D2BBD70B900C78067 /* Home */ = {
			isa = PBXGroup;
			children = (
				204EE91B2BCF1A450037A2AE /* HomeNavigationView.swift */,
				20700B902BCFEE550029A384 /* Profile */,
				204EE91D2BCF1A5C0037A2AE /* Device */,
				20A27E012BC4130A000A8B0A /* Plant */,
			);
			path = Home;
			sourceTree = "<group>";
		};
		738C217FD21A5EE476D3F23C /* Pods */ = {
			isa = PBXGroup;
			children = (
				0D8887708AEFFC5C6E7AD6BE /* Pods-cloudgarden.debug.xcconfig */,
				3B254534DEBC88FBCEDCA9A2 /* Pods-cloudgarden.release.xcconfig */,
			);
			path = Pods;
			sourceTree = "<group>";
		};
		C16D6997D75B2618EFC39C32 /* Frameworks */ = {
			isa = PBXGroup;
			children = (
				BCF37150522AA3E0F3E7B60A /* Pods_cloudgarden.framework */,
			);
			name = Frameworks;
			sourceTree = "<group>";
		};
/* End PBXGroup section */

/* Begin PBXNativeTarget section */
		20B50A1C2BBD58A300C78067 /* cloudgarden */ = {
			isa = PBXNativeTarget;
			buildConfigurationList = 20B50A342BBD58A600C78067 /* Build configuration list for PBXNativeTarget "cloudgarden" */;
			buildPhases = (
				077CDA43AD5043F317D6DCF6 /* [CP] Check Pods Manifest.lock */,
				20B50A192BBD58A300C78067 /* Sources */,
				20B50A1A2BBD58A300C78067 /* Frameworks */,
				20B50A1B2BBD58A300C78067 /* Resources */,
				41896773E176438E21977860 /* [CP] Embed Pods Frameworks */,
			);
			buildRules = (
			);
			dependencies = (
			);
			name = cloudgarden;
			productName = cloudgarden;
			productReference = 20B50A1D2BBD58A300C78067 /* cloudgarden.app */;
			productType = "com.apple.product-type.application";
		};
/* End PBXNativeTarget section */

/* Begin PBXProject section */
		20B50A152BBD58A300C78067 /* Project object */ = {
			isa = PBXProject;
			attributes = {
				BuildIndependentTargetsInParallel = 1;
				LastSwiftUpdateCheck = 1520;
				LastUpgradeCheck = 1520;
				TargetAttributes = {
					20B50A1C2BBD58A300C78067 = {
						CreatedOnToolsVersion = 15.2;
					};
				};
			};
			buildConfigurationList = 20B50A182BBD58A300C78067 /* Build configuration list for PBXProject "cloudgarden" */;
			compatibilityVersion = "Xcode 14.0";
			developmentRegion = en;
			hasScannedForEncodings = 0;
			knownRegions = (
				en,
				Base,
			);
			mainGroup = 20B50A142BBD58A300C78067;
			productRefGroup = 20B50A1E2BBD58A300C78067 /* Products */;
			projectDirPath = "";
			projectRoot = "";
			targets = (
				20B50A1C2BBD58A300C78067 /* cloudgarden */,
			);
		};
/* End PBXProject section */

/* Begin PBXResourcesBuildPhase section */
		20B50A1B2BBD58A300C78067 /* Resources */ = {
			isa = PBXResourcesBuildPhase;
			buildActionMask = 2147483647;
			files = (
				20B50A302BBD58A600C78067 /* LaunchScreen.storyboard in Resources */,
				0D0E93892BD970D600728BC7 /* empty.json in Resources */,
				20A27E0F2BC42955000A8B0A /* plants.json in Resources */,
				20B50A2D2BBD58A600C78067 /* Assets.xcassets in Resources */,
				204EE9252BCF1C6D0037A2AE /* devices.json in Resources */,
				20700B942BCFEEC70029A384 /* users.json in Resources */,
			);
			runOnlyForDeploymentPostprocessing = 0;
		};
/* End PBXResourcesBuildPhase section */

/* Begin PBXShellScriptBuildPhase section */
		077CDA43AD5043F317D6DCF6 /* [CP] Check Pods Manifest.lock */ = {
			isa = PBXShellScriptBuildPhase;
			buildActionMask = 2147483647;
			files = (
			);
			inputFileListPaths = (
			);
			inputPaths = (
				"${PODS_PODFILE_DIR_PATH}/Podfile.lock",
				"${PODS_ROOT}/Manifest.lock",
			);
			name = "[CP] Check Pods Manifest.lock";
			outputFileListPaths = (
			);
			outputPaths = (
				"$(DERIVED_FILE_DIR)/Pods-cloudgarden-checkManifestLockResult.txt",
			);
			runOnlyForDeploymentPostprocessing = 0;
			shellPath = /bin/sh;
			shellScript = "diff \"${PODS_PODFILE_DIR_PATH}/Podfile.lock\" \"${PODS_ROOT}/Manifest.lock\" > /dev/null\nif [ $? != 0 ] ; then\n    # print error to STDERR\n    echo \"error: The sandbox is not in sync with the Podfile.lock. Run 'pod install' or update your CocoaPods installation.\" >&2\n    exit 1\nfi\n# This output is used by Xcode 'outputs' to avoid re-running this script phase.\necho \"SUCCESS\" > \"${SCRIPT_OUTPUT_FILE_0}\"\n";
			showEnvVarsInLog = 0;
		};
		41896773E176438E21977860 /* [CP] Embed Pods Frameworks */ = {
			isa = PBXShellScriptBuildPhase;
			buildActionMask = 2147483647;
			files = (
			);
			inputFileListPaths = (
				"${PODS_ROOT}/Target Support Files/Pods-cloudgarden/Pods-cloudgarden-frameworks-${CONFIGURATION}-input-files.xcfilelist",
			);
			name = "[CP] Embed Pods Frameworks";
			outputFileListPaths = (
				"${PODS_ROOT}/Target Support Files/Pods-cloudgarden/Pods-cloudgarden-frameworks-${CONFIGURATION}-output-files.xcfilelist",
			);
			runOnlyForDeploymentPostprocessing = 0;
			shellPath = /bin/sh;
			shellScript = "\"${PODS_ROOT}/Target Support Files/Pods-cloudgarden/Pods-cloudgarden-frameworks.sh\"\n";
			showEnvVarsInLog = 0;
		};
/* End PBXShellScriptBuildPhase section */

/* Begin PBXSourcesBuildPhase section */
		20B50A192BBD58A300C78067 /* Sources */ = {
			isa = PBXSourcesBuildPhase;
			buildActionMask = 2147483647;
			files = (
				0D0E93802BD95E0E00728BC7 /* ClickOnTheLinkView.swift in Sources */,
				209BC5CA2BDB850E00E4C216 /* LoginModel.swift in Sources */,
				204EE91F2BCF1A750037A2AE /* DeviceList.swift in Sources */,
				209BC5D42BDBA9F400E4C216 /* AnalyticsView.swift in Sources */,
				0D0E93822BD95FD700728BC7 /* EnterIDView.swift in Sources */,
				0D2C8D092BD940D20075DC39 /* Colors.swift in Sources */,
				20BE7F812BD541B900442B7F /* RegisterView.swift in Sources */,
				20B50A2B2BBD58A300C78067 /* cloudgarden.xcdatamodeld in Sources */,
				204EE9272BCF1D150037A2AE /* DeviceRow.swift in Sources */,
				204EE91C2BCF1A450037A2AE /* HomeNavigationView.swift in Sources */,
				20A27E052BC41355000A8B0A /* PlantRow.swift in Sources */,
				20A27E0B2BC426DF000A8B0A /* Plant.swift in Sources */,
				209BC5D22BDBA9EA00E4C216 /* AddWateringEntry.swift in Sources */,
				20A27E002BC406F2000A8B0A /* LoginView.swift in Sources */,
				204EE9232BCF1BE90037A2AE /* Device.swift in Sources */,
				209BC5CD2BDB8AF400E4C216 /* OnboardingView.swift in Sources */,
				20A27E112BC42AF8000A8B0A /* ModelData.swift in Sources */,
				20700B922BCFEEA70029A384 /* ProfileView.swift in Sources */,
				204EE9172BCF10CB0037A2AE /* PlantDetail.swift in Sources */,
				204EE9152BCF0C160037A2AE /* PlantList.swift in Sources */,
				0D0E938B2BD9791F00728BC7 /* AddEditPlant.swift in Sources */,
				204EE92B2BCF2E0A0037A2AE /* DeviceDetail.swift in Sources */,
				203E12DD2BD53F95009F6D8D /* WelcomeView.swift in Sources */,
				20B50A212BBD58A300C78067 /* AppDelegate.swift in Sources */,
				20B50A232BBD58A300C78067 /* SceneDelegate.swift in Sources */,
				0D0E93862BD9708600728BC7 /* LottieView.swift in Sources */,
				0D0E937E2BD947C100728BC7 /* ConnectToWifiView.swift in Sources */,
				0D2C8D062BD938B80075DC39 /* UserViewModel.swift in Sources */,
				20700B962BCFEED10029A384 /* User.swift in Sources */,
				0D0E93842BD96E0A00728BC7 /* AddDevice.swift in Sources */,
			);
			runOnlyForDeploymentPostprocessing = 0;
		};
/* End PBXSourcesBuildPhase section */

/* Begin PBXVariantGroup section */
		20B50A2E2BBD58A600C78067 /* LaunchScreen.storyboard */ = {
			isa = PBXVariantGroup;
			children = (
				20B50A2F2BBD58A600C78067 /* Base */,
			);
			name = LaunchScreen.storyboard;
			sourceTree = "<group>";
		};
/* End PBXVariantGroup section */

/* Begin XCBuildConfiguration section */
		20B50A322BBD58A600C78067 /* Debug */ = {
			isa = XCBuildConfiguration;
			buildSettings = {
				ALWAYS_SEARCH_USER_PATHS = NO;
				ASSETCATALOG_COMPILER_GENERATE_SWIFT_ASSET_SYMBOL_EXTENSIONS = YES;
				CLANG_ANALYZER_NONNULL = YES;
				CLANG_ANALYZER_NUMBER_OBJECT_CONVERSION = YES_AGGRESSIVE;
				CLANG_CXX_LANGUAGE_STANDARD = "gnu++20";
				CLANG_ENABLE_MODULES = YES;
				CLANG_ENABLE_OBJC_ARC = YES;
				CLANG_ENABLE_OBJC_WEAK = YES;
				CLANG_WARN_BLOCK_CAPTURE_AUTORELEASING = YES;
				CLANG_WARN_BOOL_CONVERSION = YES;
				CLANG_WARN_COMMA = YES;
				CLANG_WARN_CONSTANT_CONVERSION = YES;
				CLANG_WARN_DEPRECATED_OBJC_IMPLEMENTATIONS = YES;
				CLANG_WARN_DIRECT_OBJC_ISA_USAGE = YES_ERROR;
				CLANG_WARN_DOCUMENTATION_COMMENTS = YES;
				CLANG_WARN_EMPTY_BODY = YES;
				CLANG_WARN_ENUM_CONVERSION = YES;
				CLANG_WARN_INFINITE_RECURSION = YES;
				CLANG_WARN_INT_CONVERSION = YES;
				CLANG_WARN_NON_LITERAL_NULL_CONVERSION = YES;
				CLANG_WARN_OBJC_IMPLICIT_RETAIN_SELF = YES;
				CLANG_WARN_OBJC_LITERAL_CONVERSION = YES;
				CLANG_WARN_OBJC_ROOT_CLASS = YES_ERROR;
				CLANG_WARN_QUOTED_INCLUDE_IN_FRAMEWORK_HEADER = YES;
				CLANG_WARN_RANGE_LOOP_ANALYSIS = YES;
				CLANG_WARN_STRICT_PROTOTYPES = YES;
				CLANG_WARN_SUSPICIOUS_MOVE = YES;
				CLANG_WARN_UNGUARDED_AVAILABILITY = YES_AGGRESSIVE;
				CLANG_WARN_UNREACHABLE_CODE = YES;
				CLANG_WARN__DUPLICATE_METHOD_MATCH = YES;
				COPY_PHASE_STRIP = NO;
				DEBUG_INFORMATION_FORMAT = dwarf;
				ENABLE_STRICT_OBJC_MSGSEND = YES;
				ENABLE_TESTABILITY = YES;
				ENABLE_USER_SCRIPT_SANDBOXING = YES;
				GCC_C_LANGUAGE_STANDARD = gnu17;
				GCC_DYNAMIC_NO_PIC = NO;
				GCC_NO_COMMON_BLOCKS = YES;
				GCC_OPTIMIZATION_LEVEL = 0;
				GCC_PREPROCESSOR_DEFINITIONS = (
					"DEBUG=1",
					"$(inherited)",
				);
				GCC_WARN_64_TO_32_BIT_CONVERSION = YES;
				GCC_WARN_ABOUT_RETURN_TYPE = YES_ERROR;
				GCC_WARN_UNDECLARED_SELECTOR = YES;
				GCC_WARN_UNINITIALIZED_AUTOS = YES_AGGRESSIVE;
				GCC_WARN_UNUSED_FUNCTION = YES;
				GCC_WARN_UNUSED_VARIABLE = YES;
				IPHONEOS_DEPLOYMENT_TARGET = 17.2;
				LOCALIZATION_PREFERS_STRING_CATALOGS = YES;
				MTL_ENABLE_DEBUG_INFO = INCLUDE_SOURCE;
				MTL_FAST_MATH = YES;
				ONLY_ACTIVE_ARCH = YES;
				SDKROOT = iphoneos;
				SWIFT_ACTIVE_COMPILATION_CONDITIONS = "DEBUG $(inherited)";
				SWIFT_OPTIMIZATION_LEVEL = "-Onone";
			};
			name = Debug;
		};
		20B50A332BBD58A600C78067 /* Release */ = {
			isa = XCBuildConfiguration;
			buildSettings = {
				ALWAYS_SEARCH_USER_PATHS = NO;
				ASSETCATALOG_COMPILER_GENERATE_SWIFT_ASSET_SYMBOL_EXTENSIONS = YES;
				CLANG_ANALYZER_NONNULL = YES;
				CLANG_ANALYZER_NUMBER_OBJECT_CONVERSION = YES_AGGRESSIVE;
				CLANG_CXX_LANGUAGE_STANDARD = "gnu++20";
				CLANG_ENABLE_MODULES = YES;
				CLANG_ENABLE_OBJC_ARC = YES;
				CLANG_ENABLE_OBJC_WEAK = YES;
				CLANG_WARN_BLOCK_CAPTURE_AUTORELEASING = YES;
				CLANG_WARN_BOOL_CONVERSION = YES;
				CLANG_WARN_COMMA = YES;
				CLANG_WARN_CONSTANT_CONVERSION = YES;
				CLANG_WARN_DEPRECATED_OBJC_IMPLEMENTATIONS = YES;
				CLANG_WARN_DIRECT_OBJC_ISA_USAGE = YES_ERROR;
				CLANG_WARN_DOCUMENTATION_COMMENTS = YES;
				CLANG_WARN_EMPTY_BODY = YES;
				CLANG_WARN_ENUM_CONVERSION = YES;
				CLANG_WARN_INFINITE_RECURSION = YES;
				CLANG_WARN_INT_CONVERSION = YES;
				CLANG_WARN_NON_LITERAL_NULL_CONVERSION = YES;
				CLANG_WARN_OBJC_IMPLICIT_RETAIN_SELF = YES;
				CLANG_WARN_OBJC_LITERAL_CONVERSION = YES;
				CLANG_WARN_OBJC_ROOT_CLASS = YES_ERROR;
				CLANG_WARN_QUOTED_INCLUDE_IN_FRAMEWORK_HEADER = YES;
				CLANG_WARN_RANGE_LOOP_ANALYSIS = YES;
				CLANG_WARN_STRICT_PROTOTYPES = YES;
				CLANG_WARN_SUSPICIOUS_MOVE = YES;
				CLANG_WARN_UNGUARDED_AVAILABILITY = YES_AGGRESSIVE;
				CLANG_WARN_UNREACHABLE_CODE = YES;
				CLANG_WARN__DUPLICATE_METHOD_MATCH = YES;
				COPY_PHASE_STRIP = NO;
				DEBUG_INFORMATION_FORMAT = "dwarf-with-dsym";
				ENABLE_NS_ASSERTIONS = NO;
				ENABLE_STRICT_OBJC_MSGSEND = YES;
				ENABLE_USER_SCRIPT_SANDBOXING = YES;
				GCC_C_LANGUAGE_STANDARD = gnu17;
				GCC_NO_COMMON_BLOCKS = YES;
				GCC_WARN_64_TO_32_BIT_CONVERSION = YES;
				GCC_WARN_ABOUT_RETURN_TYPE = YES_ERROR;
				GCC_WARN_UNDECLARED_SELECTOR = YES;
				GCC_WARN_UNINITIALIZED_AUTOS = YES_AGGRESSIVE;
				GCC_WARN_UNUSED_FUNCTION = YES;
				GCC_WARN_UNUSED_VARIABLE = YES;
				IPHONEOS_DEPLOYMENT_TARGET = 17.2;
				LOCALIZATION_PREFERS_STRING_CATALOGS = YES;
				MTL_ENABLE_DEBUG_INFO = NO;
				MTL_FAST_MATH = YES;
				SDKROOT = iphoneos;
				SWIFT_COMPILATION_MODE = wholemodule;
				VALIDATE_PRODUCT = YES;
			};
			name = Release;
		};
		20B50A352BBD58A600C78067 /* Debug */ = {
			isa = XCBuildConfiguration;
			baseConfigurationReference = 0D8887708AEFFC5C6E7AD6BE /* Pods-cloudgarden.debug.xcconfig */;
			buildSettings = {
				ASSETCATALOG_COMPILER_APPICON_NAME = AppIcon;
				ASSETCATALOG_COMPILER_GLOBAL_ACCENT_COLOR_NAME = AccentColor;
				CODE_SIGN_STYLE = Automatic;
				CURRENT_PROJECT_VERSION = 1;
				DEVELOPMENT_TEAM = 827YQ2VQ9C;
				ENABLE_USER_SCRIPT_SANDBOXING = NO;
				GENERATE_INFOPLIST_FILE = YES;
				INFOPLIST_FILE = cloudgarden/Info.plist;
				INFOPLIST_KEY_CFBundleDisplayName = CloudGarden;
				INFOPLIST_KEY_UIApplicationSupportsIndirectInputEvents = YES;
				INFOPLIST_KEY_UILaunchStoryboardName = LaunchScreen;
				INFOPLIST_KEY_UIStatusBarStyle = "";
				INFOPLIST_KEY_UISupportedInterfaceOrientations_iPad = "UIInterfaceOrientationPortrait UIInterfaceOrientationPortraitUpsideDown UIInterfaceOrientationLandscapeLeft UIInterfaceOrientationLandscapeRight";
				INFOPLIST_KEY_UISupportedInterfaceOrientations_iPhone = "UIInterfaceOrientationPortrait UIInterfaceOrientationLandscapeLeft UIInterfaceOrientationLandscapeRight";
				LD_RUNPATH_SEARCH_PATHS = (
					"$(inherited)",
					"@executable_path/Frameworks",
				);
				MARKETING_VERSION = 1.0;
				PRODUCT_BUNDLE_IDENTIFIER = com.finki.cloudgarden;
				PRODUCT_NAME = "$(TARGET_NAME)";
				SWIFT_EMIT_LOC_STRINGS = YES;
				SWIFT_VERSION = 5.0;
				TARGETED_DEVICE_FAMILY = "1,2";
			};
			name = Debug;
		};
		20B50A362BBD58A600C78067 /* Release */ = {
			isa = XCBuildConfiguration;
			baseConfigurationReference = 3B254534DEBC88FBCEDCA9A2 /* Pods-cloudgarden.release.xcconfig */;
			buildSettings = {
				ASSETCATALOG_COMPILER_APPICON_NAME = AppIcon;
				ASSETCATALOG_COMPILER_GLOBAL_ACCENT_COLOR_NAME = AccentColor;
				CODE_SIGN_STYLE = Automatic;
				CURRENT_PROJECT_VERSION = 1;
				DEVELOPMENT_TEAM = 827YQ2VQ9C;
				ENABLE_USER_SCRIPT_SANDBOXING = NO;
				GENERATE_INFOPLIST_FILE = YES;
				INFOPLIST_FILE = cloudgarden/Info.plist;
				INFOPLIST_KEY_CFBundleDisplayName = CloudGarden;
				INFOPLIST_KEY_UIApplicationSupportsIndirectInputEvents = YES;
				INFOPLIST_KEY_UILaunchStoryboardName = LaunchScreen;
				INFOPLIST_KEY_UIStatusBarStyle = "";
				INFOPLIST_KEY_UISupportedInterfaceOrientations_iPad = "UIInterfaceOrientationPortrait UIInterfaceOrientationPortraitUpsideDown UIInterfaceOrientationLandscapeLeft UIInterfaceOrientationLandscapeRight";
				INFOPLIST_KEY_UISupportedInterfaceOrientations_iPhone = "UIInterfaceOrientationPortrait UIInterfaceOrientationLandscapeLeft UIInterfaceOrientationLandscapeRight";
				LD_RUNPATH_SEARCH_PATHS = (
					"$(inherited)",
					"@executable_path/Frameworks",
				);
				MARKETING_VERSION = 1.0;
				PRODUCT_BUNDLE_IDENTIFIER = com.finki.cloudgarden;
				PRODUCT_NAME = "$(TARGET_NAME)";
				SWIFT_EMIT_LOC_STRINGS = YES;
				SWIFT_VERSION = 5.0;
				TARGETED_DEVICE_FAMILY = "1,2";
			};
			name = Release;
		};
/* End XCBuildConfiguration section */

/* Begin XCConfigurationList section */
		20B50A182BBD58A300C78067 /* Build configuration list for PBXProject "cloudgarden" */ = {
			isa = XCConfigurationList;
			buildConfigurations = (
				20B50A322BBD58A600C78067 /* Debug */,
				20B50A332BBD58A600C78067 /* Release */,
			);
			defaultConfigurationIsVisible = 0;
			defaultConfigurationName = Release;
		};
		20B50A342BBD58A600C78067 /* Build configuration list for PBXNativeTarget "cloudgarden" */ = {
			isa = XCConfigurationList;
			buildConfigurations = (
				20B50A352BBD58A600C78067 /* Debug */,
				20B50A362BBD58A600C78067 /* Release */,
			);
			defaultConfigurationIsVisible = 0;
			defaultConfigurationName = Release;
		};
/* End XCConfigurationList section */

/* Begin XCVersionGroup section */
		20B50A292BBD58A300C78067 /* cloudgarden.xcdatamodeld */ = {
			isa = XCVersionGroup;
			children = (
				20B50A2A2BBD58A300C78067 /* cloudgarden.xcdatamodel */,
			);
			currentVersion = 20B50A2A2BBD58A300C78067 /* cloudgarden.xcdatamodel */;
			path = cloudgarden.xcdatamodeld;
			sourceTree = "<group>";
			versionGroupType = wrapper.xcdatamodel;
		};
/* End XCVersionGroup section */
	};
	rootObject = 20B50A152BBD58A300C78067 /* Project object */;
}
